
Microsoft Visual Studio Solution File, Format Version 12.00
# Visual Studio Version 17
VisualStudioVersion = 17.14.36401.2 d17.14
MinimumVisualStudioVersion = 10.0.40219.1
Project("{FAE04EC0-301F-11D3-BF4B-00C04F79EFBC}") = "Módulo13Oct", "Módulo13Oct\Módulo13Oct.csproj", "{AD71EE7B-05E4-4598-9130-5704836C3927}"
EndProject
Global
	GlobalSection(SolutionConfigurationPlatforms) = preSolution
		Debug|Any CPU = Debug|Any CPU
		Release|Any CPU = Release|Any CPU
	EndGlobalSection
	GlobalSection(ProjectConfigurationPlatforms) = postSolution
		{AD71EE7B-05E4-4598-9130-5704836C3927}.Debug|Any CPU.ActiveCfg = Debug|Any CPU
		{AD71EE7B-05E4-4598-9130-5704836C3927}.Debug|Any CPU.Build.0 = Debug|Any CPU
		{AD71EE7B-05E4-4598-9130-5704836C3927}.Release|Any CPU.ActiveCfg = Release|Any CPU
		{AD71EE7B-05E4-4598-9130-5704836C3927}.Release|Any CPU.Build.0 = Release|Any CPU
	EndGlobalSection
	GlobalSection(SolutionProperties) = preSolution
		HideSolutionNode = FALSE
	EndGlobalSection
	GlobalSection(ExtensibilityGlobals) = postSolution
		SolutionGuid = {1DF11876-D899-4916-8B32-921A093B1CED}
	EndGlobalSection
EndGlobal
